
Microsoft Visual Studio Solution File, Format Version 12.00
# Visual Studio Version 17
VisualStudioVersion = 17.14.36811.4
MinimumVisualStudioVersion = 10.0.40219.1
Project("{FAE04EC0-301F-11D3-BF4B-00C04F79EFBC}") = "Kutuphaneoto", "Kutuphaneoto\Kutuphaneoto.csproj", "{28C91130-BEF3-4E37-AC67-3B31CF0E285D}"
EndProject
Project("{2150E333-8FDC-42A3-9474-1A3956D46DE8}") = "Çözüm Öğeleri", "Çözüm Öğeleri", "{AC80F682-3D55-C8F8-4895-A4A9EDD49434}"
EndProject
Global
	GlobalSection(SolutionConfigurationPlatforms) = preSolution
		Debug|Any CPU = Debug|Any CPU
		Release|Any CPU = Release|Any CPU
	EndGlobalSection
	GlobalSection(ProjectConfigurationPlatforms) = postSolution
		{28C91130-BEF3-4E37-AC67-3B31CF0E285D}.Debug|Any CPU.ActiveCfg = Debug|Any CPU
		{28C91130-BEF3-4E37-AC67-3B31CF0E285D}.Debug|Any CPU.Build.0 = Debug|Any CPU
		{28C91130-BEF3-4E37-AC67-3B31CF0E285D}.Release|Any CPU.ActiveCfg = Release|Any CPU
		{28C91130-BEF3-4E37-AC67-3B31CF0E285D}.Release|Any CPU.Build.0 = Release|Any CPU
	EndGlobalSection
	GlobalSection(SolutionProperties) = preSolution
		HideSolutionNode = FALSE
	EndGlobalSection
	GlobalSection(ExtensibilityGlobals) = postSolution
		SolutionGuid = {0F5526FE-33B4-46C7-90B3-EEAD3676CE62}
	EndGlobalSection
EndGlobal
